{
  "name": "backend",
  "version": "1.0.0",
  "lockfileVersion": 3,
  "requires": true,
  "packages": {
    "": {
      "name": "backend",
      "version": "1.0.0",
      "license": "ISC",
      "dependencies": {
        "nakama-runtime": "github:heroiclabs/nakama-common"
      }
    },
    "node_modules/nakama-runtime": {
      "version": "1.45.0",
      "resolved": "git+ssh://git@github.com/heroiclabs/nakama-common.git#202c48da4fb178809a8114849ae32d65fdf1a3b7",
      "license": "Apache-2.0"
    }
  }
}
